// !$*UTF8*$!
{
	archiveVersion = 1;
	classes = {
	};
	objectVersion = 46;
	objects = {

/* Begin PBXBuildFile section */
		4DDFD77117B2AE66005EF128 /* Foundation.framework in Frameworks */ = {isa = PBXBuildFile; fileRef = 4DDFD77017B2AE66005EF128 /* Foundation.framework */; };
		4DDFD77317B2AE66005EF128 /* CoreGraphics.framework in Frameworks */ = {isa = PBXBuildFile; fileRef = 4DDFD77217B2AE66005EF128 /* CoreGraphics.framework */; };
		4DDFD77517B2AE66005EF128 /* UIKit.framework in Frameworks */ = {isa = PBXBuildFile; fileRef = 4DDFD77417B2AE66005EF128 /* UIKit.framework */; };
		4DDFD77B17B2AE66005EF128 /* InfoPlist.strings in Resources */ = {isa = PBXBuildFile; fileRef = 4DDFD77917B2AE66005EF128 /* InfoPlist.strings */; };
		4DDFD77D17B2AE66005EF128 /* main.m in Sources */ = {isa = PBXBuildFile; fileRef = 4DDFD77C17B2AE66005EF128 /* main.m */; };
		4DDFD78117B2AE66005EF128 /* AppDelegate.m in Sources */ = {isa = PBXBuildFile; fileRef = 4DDFD78017B2AE66005EF128 /* AppDelegate.m */; };
		4DDFD78317B2AE66005EF128 /* Images.xcassets in Resources */ = {isa = PBXBuildFile; fileRef = 4DDFD78217B2AE66005EF128 /* Images.xcassets */; };
		4DDFD78B17B2AE66005EF128 /* Foundation.framework in Frameworks */ = {isa = PBXBuildFile; fileRef = 4DDFD77017B2AE66005EF128 /* Foundation.framework */; };
		4DDFD78C17B2AE66005EF128 /* UIKit.framework in Frameworks */ = {isa = PBXBuildFile; fileRef = 4DDFD77417B2AE66005EF128 /* UIKit.framework */; };
		4DDFD79417B2AE66005EF128 /* InfoPlist.strings in Resources */ = {isa = PBXBuildFile; fileRef = 4DDFD79217B2AE66005EF128 /* InfoPlist.strings */; };
		4DDFD79617B2AE66005EF128 /* SpectaAsyncTestTests.m in Sources */ = {isa = PBXBuildFile; fileRef = 4DDFD79517B2AE66005EF128 /* SpectaAsyncTestTests.m */; };
		4DDFD7E517B2AEA5005EF128 /* LICENSE in Resources */ = {isa = PBXBuildFile; fileRef = 4DDFD7C417B2AEA5005EF128 /* LICENSE */; };
		4DDFD7E617B2AEA5005EF128 /* README.md in Resources */ = {isa = PBXBuildFile; fileRef = 4DDFD7C517B2AEA5005EF128 /* README.md */; };
		4DDFD7E817B2AEA5005EF128 /* LICENSE in Resources */ = {isa = PBXBuildFile; fileRef = 4DDFD7D717B2AEA5005EF128 /* LICENSE */; };
		4DDFD7E917B2AEA5005EF128 /* README.md in Resources */ = {isa = PBXBuildFile; fileRef = 4DDFD7D817B2AEA5005EF128 /* README.md */; };
		4DDFD7EE17B2C923005EF128 /* SenTestingKit.framework in Frameworks */ = {isa = PBXBuildFile; fileRef = 4DDFD7EC17B2C918005EF128 /* SenTestingKit.framework */; };
		E9EAF27F17B4259F00BB0CC3 /* libOCMock.a in Frameworks */ = {isa = PBXBuildFile; fileRef = 4DDFD7E317B2AEA5005EF128 /* libOCMock.a */; };
		E9EAF28117B425A400BB0CC3 /* libExpecta-ios-universal.a in Frameworks */ = {isa = PBXBuildFile; fileRef = 4DDFD7C317B2AEA5005EF128 /* libExpecta-ios-universal.a */; };
		E9EAF2B717B56F6F00BB0CC3 /* libSpecta-ios-universal.a in Frameworks */ = {isa = PBXBuildFile; fileRef = E9EAF2B617B56F6F00BB0CC3 /* libSpecta-ios-universal.a */; };
/* End PBXBuildFile section */

/* Begin PBXContainerItemProxy section */
		4DDFD78D17B2AE66005EF128 /* PBXContainerItemProxy */ = {
			isa = PBXContainerItemProxy;
			containerPortal = 4DDFD76517B2AE66005EF128 /* Project object */;
			proxyType = 1;
			remoteGlobalIDString = 4DDFD76C17B2AE66005EF128;
			remoteInfo = SpectaAsyncTest;
		};
/* End PBXContainerItemProxy section */

/* Begin PBXFileReference section */
		4DDFD76D17B2AE66005EF128 /* SpectaAsyncTest.app */ = {isa = PBXFileReference; explicitFileType = wrapper.application; includeInIndex = 0; path = SpectaAsyncTest.app; sourceTree = BUILT_PRODUCTS_DIR; };
		4DDFD77017B2AE66005EF128 /* Foundation.framework */ = {isa = PBXFileReference; lastKnownFileType = wrapper.framework; name = Foundation.framework; path = System/Library/Frameworks/Foundation.framework; sourceTree = SDKROOT; };
		4DDFD77217B2AE66005EF128 /* CoreGraphics.framework */ = {isa = PBXFileReference; lastKnownFileType = wrapper.framework; name = CoreGraphics.framework; path = System/Library/Frameworks/CoreGraphics.framework; sourceTree = SDKROOT; };
		4DDFD77417B2AE66005EF128 /* UIKit.framework */ = {isa = PBXFileReference; lastKnownFileType = wrapper.framework; name = UIKit.framework; path = System/Library/Frameworks/UIKit.framework; sourceTree = SDKROOT; };
		4DDFD77817B2AE66005EF128 /* SpectaAsyncTest-Info.plist */ = {isa = PBXFileReference; lastKnownFileType = text.plist.xml; path = "SpectaAsyncTest-Info.plist"; sourceTree = "<group>"; };
		4DDFD77A17B2AE66005EF128 /* en */ = {isa = PBXFileReference; lastKnownFileType = text.plist.strings; name = en; path = en.lproj/InfoPlist.strings; sourceTree = "<group>"; };
		4DDFD77C17B2AE66005EF128 /* main.m */ = {isa = PBXFileReference; lastKnownFileType = sourcecode.c.objc; path = main.m; sourceTree = "<group>"; };
		4DDFD77E17B2AE66005EF128 /* SpectaAsyncTest-Prefix.pch */ = {isa = PBXFileReference; lastKnownFileType = sourcecode.c.h; path = "SpectaAsyncTest-Prefix.pch"; sourceTree = "<group>"; };
		4DDFD77F17B2AE66005EF128 /* AppDelegate.h */ = {isa = PBXFileReference; lastKnownFileType = sourcecode.c.h; path = AppDelegate.h; sourceTree = "<group>"; };
		4DDFD78017B2AE66005EF128 /* AppDelegate.m */ = {isa = PBXFileReference; lastKnownFileType = sourcecode.c.objc; path = AppDelegate.m; sourceTree = "<group>"; };
		4DDFD78217B2AE66005EF128 /* Images.xcassets */ = {isa = PBXFileReference; lastKnownFileType = folder.assetcatalog; path = Images.xcassets; sourceTree = "<group>"; };
		4DDFD78817B2AE66005EF128 /* SpectaAsyncTestTests.octest */ = {isa = PBXFileReference; explicitFileType = wrapper.cfbundle; includeInIndex = 0; path = SpectaAsyncTestTests.octest; sourceTree = BUILT_PRODUCTS_DIR; };
		4DDFD79117B2AE66005EF128 /* SpectaAsyncTestTests-Info.plist */ = {isa = PBXFileReference; lastKnownFileType = text.plist.xml; path = "SpectaAsyncTestTests-Info.plist"; sourceTree = "<group>"; };
		4DDFD79317B2AE66005EF128 /* en */ = {isa = PBXFileReference; lastKnownFileType = text.plist.strings; name = en; path = en.lproj/InfoPlist.strings; sourceTree = "<group>"; };
		4DDFD79517B2AE66005EF128 /* SpectaAsyncTestTests.m */ = {isa = PBXFileReference; lastKnownFileType = sourcecode.c.objc; path = SpectaAsyncTestTests.m; sourceTree = "<group>"; };
		4DDFD7A217B2AEA5005EF128 /* EXPBackwardCompatibility.h */ = {isa = PBXFileReference; fileEncoding = 4; lastKnownFileType = sourcecode.c.h; path = EXPBackwardCompatibility.h; sourceTree = "<group>"; };
		4DDFD7A317B2AEA5005EF128 /* EXPBlockDefinedMatcher.h */ = {isa = PBXFileReference; fileEncoding = 4; lastKnownFileType = sourcecode.c.h; path = EXPBlockDefinedMatcher.h; sourceTree = "<group>"; };
		4DDFD7A417B2AEA5005EF128 /* EXPDefines.h */ = {isa = PBXFileReference; fileEncoding = 4; lastKnownFileType = sourcecode.c.h; path = EXPDefines.h; sourceTree = "<group>"; };
		4DDFD7A517B2AEA5005EF128 /* EXPDoubleTuple.h */ = {isa = PBXFileReference; fileEncoding = 4; lastKnownFileType = sourcecode.c.h; path = EXPDoubleTuple.h; sourceTree = "<group>"; };
		4DDFD7A617B2AEA5005EF128 /* Expecta.h */ = {isa = PBXFileReference; fileEncoding = 4; lastKnownFileType = sourcecode.c.h; path = Expecta.h; sourceTree = "<group>"; };
		4DDFD7A717B2AEA5005EF128 /* ExpectaSupport.h */ = {isa = PBXFileReference; fileEncoding = 4; lastKnownFileType = sourcecode.c.h; path = ExpectaSupport.h; sourceTree = "<group>"; };
		4DDFD7A817B2AEA5005EF128 /* EXPExpect.h */ = {isa = PBXFileReference; fileEncoding = 4; lastKnownFileType = sourcecode.c.h; path = EXPExpect.h; sourceTree = "<group>"; };
		4DDFD7A917B2AEA5005EF128 /* EXPFloatTuple.h */ = {isa = PBXFileReference; fileEncoding = 4; lastKnownFileType = sourcecode.c.h; path = EXPFloatTuple.h; sourceTree = "<group>"; };
		4DDFD7AA17B2AEA5005EF128 /* EXPMatcher.h */ = {isa = PBXFileReference; fileEncoding = 4; lastKnownFileType = sourcecode.c.h; path = EXPMatcher.h; sourceTree = "<group>"; };
		4DDFD7AB17B2AEA5005EF128 /* EXPMatcherHelpers.h */ = {isa = PBXFileReference; fileEncoding = 4; lastKnownFileType = sourcecode.c.h; path = EXPMatcherHelpers.h; sourceTree = "<group>"; };
		4DDFD7AC17B2AEA5005EF128 /* EXPMatchers+beCloseTo.h */ = {isa = PBXFileReference; fileEncoding = 4; lastKnownFileType = sourcecode.c.h; path = "EXPMatchers+beCloseTo.h"; sourceTree = "<group>"; };
		4DDFD7AD17B2AEA5005EF128 /* EXPMatchers+beFalsy.h */ = {isa = PBXFileReference; fileEncoding = 4; lastKnownFileType = sourcecode.c.h; path = "EXPMatchers+beFalsy.h"; sourceTree = "<group>"; };
		4DDFD7AE17B2AEA5005EF128 /* EXPMatchers+beGreaterThan.h */ = {isa = PBXFileReference; fileEncoding = 4; lastKnownFileType = sourcecode.c.h; path = "EXPMatchers+beGreaterThan.h"; sourceTree = "<group>"; };
		4DDFD7AF17B2AEA5005EF128 /* EXPMatchers+beGreaterThanOrEqualTo.h */ = {isa = PBXFileReference; fileEncoding = 4; lastKnownFileType = sourcecode.c.h; path = "EXPMatchers+beGreaterThanOrEqualTo.h"; sourceTree = "<group>"; };
		4DDFD7B017B2AEA5005EF128 /* EXPMatchers+beIdenticalTo.h */ = {isa = PBXFileReference; fileEncoding = 4; lastKnownFileType = sourcecode.c.h; path = "EXPMatchers+beIdenticalTo.h"; sourceTree = "<group>"; };
		4DDFD7B117B2AEA5005EF128 /* EXPMatchers+beInstanceOf.h */ = {isa = PBXFileReference; fileEncoding = 4; lastKnownFileType = sourcecode.c.h; path = "EXPMatchers+beInstanceOf.h"; sourceTree = "<group>"; };
		4DDFD7B217B2AEA5005EF128 /* EXPMatchers+beInTheRangeOf.h */ = {isa = PBXFileReference; fileEncoding = 4; lastKnownFileType = sourcecode.c.h; path = "EXPMatchers+beInTheRangeOf.h"; sourceTree = "<group>"; };
		4DDFD7B317B2AEA5005EF128 /* EXPMatchers+beKindOf.h */ = {isa = PBXFileReference; fileEncoding = 4; lastKnownFileType = sourcecode.c.h; path = "EXPMatchers+beKindOf.h"; sourceTree = "<group>"; };
		4DDFD7B417B2AEA5005EF128 /* EXPMatchers+beLessThan.h */ = {isa = PBXFileReference; fileEncoding = 4; lastKnownFileType = sourcecode.c.h; path = "EXPMatchers+beLessThan.h"; sourceTree = "<group>"; };
		4DDFD7B517B2AEA5005EF128 /* EXPMatchers+beLessThanOrEqualTo.h */ = {isa = PBXFileReference; fileEncoding = 4; lastKnownFileType = sourcecode.c.h; path = "EXPMatchers+beLessThanOrEqualTo.h"; sourceTree = "<group>"; };
		4DDFD7B617B2AEA5005EF128 /* EXPMatchers+beNil.h */ = {isa = PBXFileReference; fileEncoding = 4; lastKnownFileType = sourcecode.c.h; path = "EXPMatchers+beNil.h"; sourceTree = "<group>"; };
		4DDFD7B717B2AEA5005EF128 /* EXPMatchers+beSubclassOf.h */ = {isa = PBXFileReference; fileEncoding = 4; lastKnownFileType = sourcecode.c.h; path = "EXPMatchers+beSubclassOf.h"; sourceTree = "<group>"; };
		4DDFD7B817B2AEA5005EF128 /* EXPMatchers+beTruthy.h */ = {isa = PBXFileReference; fileEncoding = 4; lastKnownFileType = sourcecode.c.h; path = "EXPMatchers+beTruthy.h"; sourceTree = "<group>"; };
		4DDFD7B917B2AEA5005EF128 /* EXPMatchers+contain.h */ = {isa = PBXFileReference; fileEncoding = 4; lastKnownFileType = sourcecode.c.h; path = "EXPMatchers+contain.h"; sourceTree = "<group>"; };
		4DDFD7BA17B2AEA5005EF128 /* EXPMatchers+equal.h */ = {isa = PBXFileReference; fileEncoding = 4; lastKnownFileType = sourcecode.c.h; path = "EXPMatchers+equal.h"; sourceTree = "<group>"; };
		4DDFD7BB17B2AEA5005EF128 /* EXPMatchers+haveCountOf.h */ = {isa = PBXFileReference; fileEncoding = 4; lastKnownFileType = sourcecode.c.h; path = "EXPMatchers+haveCountOf.h"; sourceTree = "<group>"; };
		4DDFD7BC17B2AEA5005EF128 /* EXPMatchers+raise.h */ = {isa = PBXFileReference; fileEncoding = 4; lastKnownFileType = sourcecode.c.h; path = "EXPMatchers+raise.h"; sourceTree = "<group>"; };
		4DDFD7BD17B2AEA5005EF128 /* EXPMatchers+raiseWithReason.h */ = {isa = PBXFileReference; fileEncoding = 4; lastKnownFileType = sourcecode.c.h; path = "EXPMatchers+raiseWithReason.h"; sourceTree = "<group>"; };
		4DDFD7BE17B2AEA5005EF128 /* EXPMatchers.h */ = {isa = PBXFileReference; fileEncoding = 4; lastKnownFileType = sourcecode.c.h; path = EXPMatchers.h; sourceTree = "<group>"; };
		4DDFD7BF17B2AEA5005EF128 /* EXPUnsupportedObject.h */ = {isa = PBXFileReference; fileEncoding = 4; lastKnownFileType = sourcecode.c.h; path = EXPUnsupportedObject.h; sourceTree = "<group>"; };
		4DDFD7C017B2AEA5005EF128 /* NSObject+Expecta.h */ = {isa = PBXFileReference; fileEncoding = 4; lastKnownFileType = sourcecode.c.h; path = "NSObject+Expecta.h"; sourceTree = "<group>"; };
		4DDFD7C117B2AEA5005EF128 /* NSValue+Expecta.h */ = {isa = PBXFileReference; fileEncoding = 4; lastKnownFileType = sourcecode.c.h; path = "NSValue+Expecta.h"; sourceTree = "<group>"; };
		4DDFD7C317B2AEA5005EF128 /* libExpecta-ios-universal.a */ = {isa = PBXFileReference; lastKnownFileType = archive.ar; path = "libExpecta-ios-universal.a"; sourceTree = "<group>"; };
		4DDFD7C417B2AEA5005EF128 /* LICENSE */ = {isa = PBXFileReference; fileEncoding = 4; lastKnownFileType = text; path = LICENSE; sourceTree = "<group>"; };
		4DDFD7C517B2AEA5005EF128 /* README.md */ = {isa = PBXFileReference; fileEncoding = 4; lastKnownFileType = text; path = README.md; sourceTree = "<group>"; };
		4DDFD7C917B2AEA5005EF128 /* SenTestCase+Specta.h */ = {isa = PBXFileReference; fileEncoding = 4; lastKnownFileType = sourcecode.c.h; path = "SenTestCase+Specta.h"; sourceTree = "<group>"; };
		4DDFD7CA17B2AEA5005EF128 /* SenTestRun+Specta.h */ = {isa = PBXFileReference; fileEncoding = 4; lastKnownFileType = sourcecode.c.h; path = "SenTestRun+Specta.h"; sourceTree = "<group>"; };
		4DDFD7CB17B2AEA5005EF128 /* Specta.h */ = {isa = PBXFileReference; fileEncoding = 4; lastKnownFileType = sourcecode.c.h; path = Specta.h; sourceTree = "<group>"; };
		4DDFD7CC17B2AEA5005EF128 /* SpectaSupport.h */ = {isa = PBXFileReference; fileEncoding = 4; lastKnownFileType = sourcecode.c.h; path = SpectaSupport.h; sourceTree = "<group>"; };
		4DDFD7CD17B2AEA5005EF128 /* SpectaTypes.h */ = {isa = PBXFileReference; fileEncoding = 4; lastKnownFileType = sourcecode.c.h; path = SpectaTypes.h; sourceTree = "<group>"; };
		4DDFD7CE17B2AEA5005EF128 /* SpectaUtility.h */ = {isa = PBXFileReference; fileEncoding = 4; lastKnownFileType = sourcecode.c.h; path = SpectaUtility.h; sourceTree = "<group>"; };
		4DDFD7CF17B2AEA5005EF128 /* SPTExample.h */ = {isa = PBXFileReference; fileEncoding = 4; lastKnownFileType = sourcecode.c.h; path = SPTExample.h; sourceTree = "<group>"; };
		4DDFD7D017B2AEA5005EF128 /* SPTExampleGroup.h */ = {isa = PBXFileReference; fileEncoding = 4; lastKnownFileType = sourcecode.c.h; path = SPTExampleGroup.h; sourceTree = "<group>"; };
		4DDFD7D117B2AEA5005EF128 /* SPTSenTestCase.h */ = {isa = PBXFileReference; fileEncoding = 4; lastKnownFileType = sourcecode.c.h; path = SPTSenTestCase.h; sourceTree = "<group>"; };
		4DDFD7D217B2AEA5005EF128 /* SPTSenTestInvocation.h */ = {isa = PBXFileReference; fileEncoding = 4; lastKnownFileType = sourcecode.c.h; path = SPTSenTestInvocation.h; sourceTree = "<group>"; };
		4DDFD7D317B2AEA5005EF128 /* SPTSharedExampleGroups.h */ = {isa = PBXFileReference; fileEncoding = 4; lastKnownFileType = sourcecode.c.h; path = SPTSharedExampleGroups.h; sourceTree = "<group>"; };
		4DDFD7D417B2AEA5005EF128 /* SPTSpec.h */ = {isa = PBXFileReference; fileEncoding = 4; lastKnownFileType = sourcecode.c.h; path = SPTSpec.h; sourceTree = "<group>"; };
		4DDFD7D717B2AEA5005EF128 /* LICENSE */ = {isa = PBXFileReference; fileEncoding = 4; lastKnownFileType = text; path = LICENSE; sourceTree = "<group>"; };
		4DDFD7D817B2AEA5005EF128 /* README.md */ = {isa = PBXFileReference; fileEncoding = 4; lastKnownFileType = text; path = README.md; sourceTree = "<group>"; };
		4DDFD7DC17B2AEA5005EF128 /* NSNotificationCenter+OCMAdditions.h */ = {isa = PBXFileReference; fileEncoding = 4; lastKnownFileType = sourcecode.c.h; path = "NSNotificationCenter+OCMAdditions.h"; sourceTree = "<group>"; };
		4DDFD7DD17B2AEA5005EF128 /* OCMArg.h */ = {isa = PBXFileReference; fileEncoding = 4; lastKnownFileType = sourcecode.c.h; path = OCMArg.h; sourceTree = "<group>"; };
		4DDFD7DE17B2AEA5005EF128 /* OCMConstraint.h */ = {isa = PBXFileReference; fileEncoding = 4; lastKnownFileType = sourcecode.c.h; path = OCMConstraint.h; sourceTree = "<group>"; };
		4DDFD7DF17B2AEA5005EF128 /* OCMock.h */ = {isa = PBXFileReference; fileEncoding = 4; lastKnownFileType = sourcecode.c.h; path = OCMock.h; sourceTree = "<group>"; };
		4DDFD7E017B2AEA5005EF128 /* OCMockObject.h */ = {isa = PBXFileReference; fileEncoding = 4; lastKnownFileType = sourcecode.c.h; path = OCMockObject.h; sourceTree = "<group>"; };
		4DDFD7E117B2AEA5005EF128 /* OCMockRecorder.h */ = {isa = PBXFileReference; fileEncoding = 4; lastKnownFileType = sourcecode.c.h; path = OCMockRecorder.h; sourceTree = "<group>"; };
		4DDFD7E317B2AEA5005EF128 /* libOCMock.a */ = {isa = PBXFileReference; lastKnownFileType = archive.ar; path = libOCMock.a; sourceTree = "<group>"; };
		4DDFD7EC17B2C918005EF128 /* SenTestingKit.framework */ = {isa = PBXFileReference; lastKnownFileType = wrapper.framework; name = SenTestingKit.framework; path = Library/Frameworks/SenTestingKit.framework; sourceTree = DEVELOPER_DIR; };
		E9EAF2B617B56F6F00BB0CC3 /* libSpecta-ios-universal.a */ = {isa = PBXFileReference; lastKnownFileType = archive.ar; path = "libSpecta-ios-universal.a"; sourceTree = "<group>"; };
/* End PBXFileReference section */

/* Begin PBXFrameworksBuildPhase section */
		4DDFD76A17B2AE66005EF128 /* Frameworks */ = {
			isa = PBXFrameworksBuildPhase;
			buildActionMask = 2147483647;
			files = (
				4DDFD77317B2AE66005EF128 /* CoreGraphics.framework in Frameworks */,
				4DDFD77517B2AE66005EF128 /* UIKit.framework in Frameworks */,
				4DDFD77117B2AE66005EF128 /* Foundation.framework in Frameworks */,
			);
			runOnlyForDeploymentPostprocessing = 0;
		};
		4DDFD78517B2AE66005EF128 /* Frameworks */ = {
			isa = PBXFrameworksBuildPhase;
			buildActionMask = 2147483647;
			files = (
				4DDFD7EE17B2C923005EF128 /* SenTestingKit.framework in Frameworks */,
				4DDFD78C17B2AE66005EF128 /* UIKit.framework in Frameworks */,
				4DDFD78B17B2AE66005EF128 /* Foundation.framework in Frameworks */,
				E9EAF2B717B56F6F00BB0CC3 /* libSpecta-ios-universal.a in Frameworks */,
				E9EAF27F17B4259F00BB0CC3 /* libOCMock.a in Frameworks */,
				E9EAF28117B425A400BB0CC3 /* libExpecta-ios-universal.a in Frameworks */,
			);
			runOnlyForDeploymentPostprocessing = 0;
		};
/* End PBXFrameworksBuildPhase section */

/* Begin PBXGroup section */
		4DDFD76417B2AE66005EF128 = {
			isa = PBXGroup;
			children = (
				4DDFD77617B2AE66005EF128 /* SpectaAsyncTest */,
				4DDFD78F17B2AE66005EF128 /* SpectaAsyncTestTests */,
				4DDFD76F17B2AE66005EF128 /* Frameworks */,
				4DDFD76E17B2AE66005EF128 /* Products */,
			);
			sourceTree = "<group>";
		};
		4DDFD76E17B2AE66005EF128 /* Products */ = {
			isa = PBXGroup;
			children = (
				4DDFD76D17B2AE66005EF128 /* SpectaAsyncTest.app */,
				4DDFD78817B2AE66005EF128 /* SpectaAsyncTestTests.octest */,
			);
			name = Products;
			sourceTree = "<group>";
		};
		4DDFD76F17B2AE66005EF128 /* Frameworks */ = {
			isa = PBXGroup;
			children = (
				4DDFD7EC17B2C918005EF128 /* SenTestingKit.framework */,
				4DDFD77017B2AE66005EF128 /* Foundation.framework */,
				4DDFD77217B2AE66005EF128 /* CoreGraphics.framework */,
				4DDFD77417B2AE66005EF128 /* UIKit.framework */,
			);
			name = Frameworks;
			sourceTree = "<group>";
		};
		4DDFD77617B2AE66005EF128 /* SpectaAsyncTest */ = {
			isa = PBXGroup;
			children = (
				4DDFD77F17B2AE66005EF128 /* AppDelegate.h */,
				4DDFD78017B2AE66005EF128 /* AppDelegate.m */,
				4DDFD78217B2AE66005EF128 /* Images.xcassets */,
				4DDFD77717B2AE66005EF128 /* Supporting Files */,
			);
			path = SpectaAsyncTest;
			sourceTree = "<group>";
		};
		4DDFD77717B2AE66005EF128 /* Supporting Files */ = {
			isa = PBXGroup;
			children = (
				4DDFD77817B2AE66005EF128 /* SpectaAsyncTest-Info.plist */,
				4DDFD77917B2AE66005EF128 /* InfoPlist.strings */,
				4DDFD77C17B2AE66005EF128 /* main.m */,
				4DDFD77E17B2AE66005EF128 /* SpectaAsyncTest-Prefix.pch */,
			);
			name = "Supporting Files";
			sourceTree = "<group>";
		};
		4DDFD78F17B2AE66005EF128 /* SpectaAsyncTestTests */ = {
			isa = PBXGroup;
			children = (
				4DDFD79517B2AE66005EF128 /* SpectaAsyncTestTests.m */,
				4DDFD79F17B2AEA5005EF128 /* Expecta */,
				4DDFD7C617B2AEA5005EF128 /* Specta */,
				4DDFD7D917B2AEA5005EF128 /* OCMock */,
				4DDFD79017B2AE66005EF128 /* Supporting Files */,
			);
			path = SpectaAsyncTestTests;
			sourceTree = "<group>";
		};
		4DDFD79017B2AE66005EF128 /* Supporting Files */ = {
			isa = PBXGroup;
			children = (
				4DDFD79117B2AE66005EF128 /* SpectaAsyncTestTests-Info.plist */,
				4DDFD79217B2AE66005EF128 /* InfoPlist.strings */,
			);
			name = "Supporting Files";
			sourceTree = "<group>";
		};
		4DDFD79F17B2AEA5005EF128 /* Expecta */ = {
			isa = PBXGroup;
			children = (
				4DDFD7A017B2AEA5005EF128 /* include */,
				4DDFD7C217B2AEA5005EF128 /* lib */,
				4DDFD7C417B2AEA5005EF128 /* LICENSE */,
				4DDFD7C517B2AEA5005EF128 /* README.md */,
			);
			path = Expecta;
			sourceTree = "<group>";
		};
		4DDFD7A017B2AEA5005EF128 /* include */ = {
			isa = PBXGroup;
			children = (
				4DDFD7A117B2AEA5005EF128 /* Expecta */,
			);
			path = include;
			sourceTree = "<group>";
		};
		4DDFD7A117B2AEA5005EF128 /* Expecta */ = {
			isa = PBXGroup;
			children = (
				4DDFD7A217B2AEA5005EF128 /* EXPBackwardCompatibility.h */,
				4DDFD7A317B2AEA5005EF128 /* EXPBlockDefinedMatcher.h */,
				4DDFD7A417B2AEA5005EF128 /* EXPDefines.h */,
				4DDFD7A517B2AEA5005EF128 /* EXPDoubleTuple.h */,
				4DDFD7A617B2AEA5005EF128 /* Expecta.h */,
				4DDFD7A717B2AEA5005EF128 /* ExpectaSupport.h */,
				4DDFD7A817B2AEA5005EF128 /* EXPExpect.h */,
				4DDFD7A917B2AEA5005EF128 /* EXPFloatTuple.h */,
				4DDFD7AA17B2AEA5005EF128 /* EXPMatcher.h */,
				4DDFD7AB17B2AEA5005EF128 /* EXPMatcherHelpers.h */,
				4DDFD7AC17B2AEA5005EF128 /* EXPMatchers+beCloseTo.h */,
				4DDFD7AD17B2AEA5005EF128 /* EXPMatchers+beFalsy.h */,
				4DDFD7AE17B2AEA5005EF128 /* EXPMatchers+beGreaterThan.h */,
				4DDFD7AF17B2AEA5005EF128 /* EXPMatchers+beGreaterThanOrEqualTo.h */,
				4DDFD7B017B2AEA5005EF128 /* EXPMatchers+beIdenticalTo.h */,
				4DDFD7B117B2AEA5005EF128 /* EXPMatchers+beInstanceOf.h */,
				4DDFD7B217B2AEA5005EF128 /* EXPMatchers+beInTheRangeOf.h */,
				4DDFD7B317B2AEA5005EF128 /* EXPMatchers+beKindOf.h */,
				4DDFD7B417B2AEA5005EF128 /* EXPMatchers+beLessThan.h */,
				4DDFD7B517B2AEA5005EF128 /* EXPMatchers+beLessThanOrEqualTo.h */,
				4DDFD7B617B2AEA5005EF128 /* EXPMatchers+beNil.h */,
				4DDFD7B717B2AEA5005EF128 /* EXPMatchers+beSubclassOf.h */,
				4DDFD7B817B2AEA5005EF128 /* EXPMatchers+beTruthy.h */,
				4DDFD7B917B2AEA5005EF128 /* EXPMatchers+contain.h */,
				4DDFD7BA17B2AEA5005EF128 /* EXPMatchers+equal.h */,
				4DDFD7BB17B2AEA5005EF128 /* EXPMatchers+haveCountOf.h */,
				4DDFD7BC17B2AEA5005EF128 /* EXPMatchers+raise.h */,
				4DDFD7BD17B2AEA5005EF128 /* EXPMatchers+raiseWithReason.h */,
				4DDFD7BE17B2AEA5005EF128 /* EXPMatchers.h */,
				4DDFD7BF17B2AEA5005EF128 /* EXPUnsupportedObject.h */,
				4DDFD7C017B2AEA5005EF128 /* NSObject+Expecta.h */,
				4DDFD7C117B2AEA5005EF128 /* NSValue+Expecta.h */,
			);
			path = Expecta;
			sourceTree = "<group>";
		};
		4DDFD7C217B2AEA5005EF128 /* lib */ = {
			isa = PBXGroup;
			children = (
				4DDFD7C317B2AEA5005EF128 /* libExpecta-ios-universal.a */,
			);
			path = lib;
			sourceTree = "<group>";
		};
		4DDFD7C617B2AEA5005EF128 /* Specta */ = {
			isa = PBXGroup;
			children = (
				4DDFD7C717B2AEA5005EF128 /* include */,
				4DDFD7D517B2AEA5005EF128 /* lib */,
				4DDFD7D717B2AEA5005EF128 /* LICENSE */,
				4DDFD7D817B2AEA5005EF128 /* README.md */,
			);
			path = Specta;
			sourceTree = "<group>";
		};
		4DDFD7C717B2AEA5005EF128 /* include */ = {
			isa = PBXGroup;
			children = (
				4DDFD7C817B2AEA5005EF128 /* Specta */,
			);
			path = include;
			sourceTree = "<group>";
		};
		4DDFD7C817B2AEA5005EF128 /* Specta */ = {
			isa = PBXGroup;
			children = (
				4DDFD7C917B2AEA5005EF128 /* SenTestCase+Specta.h */,
				4DDFD7CA17B2AEA5005EF128 /* SenTestRun+Specta.h */,
				4DDFD7CB17B2AEA5005EF128 /* Specta.h */,
				4DDFD7CC17B2AEA5005EF128 /* SpectaSupport.h */,
				4DDFD7CD17B2AEA5005EF128 /* SpectaTypes.h */,
				4DDFD7CE17B2AEA5005EF128 /* SpectaUtility.h */,
				4DDFD7CF17B2AEA5005EF128 /* SPTExample.h */,
				4DDFD7D017B2AEA5005EF128 /* SPTExampleGroup.h */,
				4DDFD7D117B2AEA5005EF128 /* SPTSenTestCase.h */,
				4DDFD7D217B2AEA5005EF128 /* SPTSenTestInvocation.h */,
				4DDFD7D317B2AEA5005EF128 /* SPTSharedExampleGroups.h */,
				4DDFD7D417B2AEA5005EF128 /* SPTSpec.h */,
			);
			path = Specta;
			sourceTree = "<group>";
		};
		4DDFD7D517B2AEA5005EF128 /* lib */ = {
			isa = PBXGroup;
			children = (
				E9EAF2B617B56F6F00BB0CC3 /* libSpecta-ios-universal.a */,
			);
			path = lib;
			sourceTree = "<group>";
		};
		4DDFD7D917B2AEA5005EF128 /* OCMock */ = {
			isa = PBXGroup;
			children = (
				4DDFD7DA17B2AEA5005EF128 /* include */,
				4DDFD7E217B2AEA5005EF128 /* lib */,
			);
			path = OCMock;
			sourceTree = "<group>";
		};
		4DDFD7DA17B2AEA5005EF128 /* include */ = {
			isa = PBXGroup;
			children = (
				4DDFD7DB17B2AEA5005EF128 /* OCMock */,
			);
			path = include;
			sourceTree = "<group>";
		};
		4DDFD7DB17B2AEA5005EF128 /* OCMock */ = {
			isa = PBXGroup;
			children = (
				4DDFD7DC17B2AEA5005EF128 /* NSNotificationCenter+OCMAdditions.h */,
				4DDFD7DD17B2AEA5005EF128 /* OCMArg.h */,
				4DDFD7DE17B2AEA5005EF128 /* OCMConstraint.h */,
				4DDFD7DF17B2AEA5005EF128 /* OCMock.h */,
				4DDFD7E017B2AEA5005EF128 /* OCMockObject.h */,
				4DDFD7E117B2AEA5005EF128 /* OCMockRecorder.h */,
			);
			path = OCMock;
			sourceTree = "<group>";
		};
		4DDFD7E217B2AEA5005EF128 /* lib */ = {
			isa = PBXGroup;
			children = (
				4DDFD7E317B2AEA5005EF128 /* libOCMock.a */,
			);
			path = lib;
			sourceTree = "<group>";
		};
/* End PBXGroup section */

/* Begin PBXNativeTarget section */
		4DDFD76C17B2AE66005EF128 /* SpectaAsyncTest */ = {
			isa = PBXNativeTarget;
			buildConfigurationList = 4DDFD79917B2AE66005EF128 /* Build configuration list for PBXNativeTarget "SpectaAsyncTest" */;
			buildPhases = (
				4DDFD76917B2AE66005EF128 /* Sources */,
				4DDFD76A17B2AE66005EF128 /* Frameworks */,
				4DDFD76B17B2AE66005EF128 /* Resources */,
			);
			buildRules = (
			);
			dependencies = (
			);
			name = SpectaAsyncTest;
			productName = SpectaAsyncTest;
			productReference = 4DDFD76D17B2AE66005EF128 /* SpectaAsyncTest.app */;
			productType = "com.apple.product-type.application";
		};
		4DDFD78717B2AE66005EF128 /* SpectaAsyncTestTests */ = {
			isa = PBXNativeTarget;
			buildConfigurationList = 4DDFD79C17B2AE66005EF128 /* Build configuration list for PBXNativeTarget "SpectaAsyncTestTests" */;
			buildPhases = (
				4DDFD78417B2AE66005EF128 /* Sources */,
				4DDFD78517B2AE66005EF128 /* Frameworks */,
				4DDFD78617B2AE66005EF128 /* Resources */,
			);
			buildRules = (
			);
			dependencies = (
				4DDFD78E17B2AE66005EF128 /* PBXTargetDependency */,
			);
			name = SpectaAsyncTestTests;
			productName = SpectaAsyncTestTests;
			productReference = 4DDFD78817B2AE66005EF128 /* SpectaAsyncTestTests.octest */;
			productType = "com.apple.product-type.bundle.unit-test";
		};
/* End PBXNativeTarget section */

/* Begin PBXProject section */
		4DDFD76517B2AE66005EF128 /* Project object */ = {
			isa = PBXProject;
			attributes = {
				LastUpgradeCheck = 0500;
				ORGANIZATIONNAME = Test;
				TargetAttributes = {
					4DDFD78717B2AE66005EF128 = {
						TestTargetID = 4DDFD76C17B2AE66005EF128;
					};
				};
			};
			buildConfigurationList = 4DDFD76817B2AE66005EF128 /* Build configuration list for PBXProject "SpectaAsyncTest" */;
			compatibilityVersion = "Xcode 3.2";
			developmentRegion = English;
			hasScannedForEncodings = 0;
			knownRegions = (
				en,
			);
			mainGroup = 4DDFD76417B2AE66005EF128;
			productRefGroup = 4DDFD76E17B2AE66005EF128 /* Products */;
			projectDirPath = "";
			projectRoot = "";
			targets = (
				4DDFD76C17B2AE66005EF128 /* SpectaAsyncTest */,
				4DDFD78717B2AE66005EF128 /* SpectaAsyncTestTests */,
			);
		};
/* End PBXProject section */

/* Begin PBXResourcesBuildPhase section */
		4DDFD76B17B2AE66005EF128 /* Resources */ = {
			isa = PBXResourcesBuildPhase;
			buildActionMask = 2147483647;
			files = (
				4DDFD77B17B2AE66005EF128 /* InfoPlist.strings in Resources */,
				4DDFD78317B2AE66005EF128 /* Images.xcassets in Resources */,
			);
			runOnlyForDeploymentPostprocessing = 0;
		};
		4DDFD78617B2AE66005EF128 /* Resources */ = {
			isa = PBXResourcesBuildPhase;
			buildActionMask = 2147483647;
			files = (
				4DDFD7E617B2AEA5005EF128 /* README.md in Resources */,
				4DDFD7E517B2AEA5005EF128 /* LICENSE in Resources */,
				4DDFD7E917B2AEA5005EF128 /* README.md in Resources */,
				4DDFD7E817B2AEA5005EF128 /* LICENSE in Resources */,
				4DDFD79417B2AE66005EF128 /* InfoPlist.strings in Resources */,
			);
			runOnlyForDeploymentPostprocessing = 0;
		};
/* End PBXResourcesBuildPhase section */

/* Begin PBXSourcesBuildPhase section */
		4DDFD76917B2AE66005EF128 /* Sources */ = {
			isa = PBXSourcesBuildPhase;
			buildActionMask = 2147483647;
			files = (
				4DDFD78117B2AE66005EF128 /* AppDelegate.m in Sources */,
				4DDFD77D17B2AE66005EF128 /* main.m in Sources */,
			);
			runOnlyForDeploymentPostprocessing = 0;
		};
		4DDFD78417B2AE66005EF128 /* Sources */ = {
			isa = PBXSourcesBuildPhase;
			buildActionMask = 2147483647;
			files = (
				4DDFD79617B2AE66005EF128 /* SpectaAsyncTestTests.m in Sources */,
			);
			runOnlyForDeploymentPostprocessing = 0;
		};
/* End PBXSourcesBuildPhase section */

/* Begin PBXTargetDependency section */
		4DDFD78E17B2AE66005EF128 /* PBXTargetDependency */ = {
			isa = PBXTargetDependency;
			target = 4DDFD76C17B2AE66005EF128 /* SpectaAsyncTest */;
			targetProxy = 4DDFD78D17B2AE66005EF128 /* PBXContainerItemProxy */;
		};
/* End PBXTargetDependency section */

/* Begin PBXVariantGroup section */
		4DDFD77917B2AE66005EF128 /* InfoPlist.strings */ = {
			isa = PBXVariantGroup;
			children = (
				4DDFD77A17B2AE66005EF128 /* en */,
			);
			name = InfoPlist.strings;
			sourceTree = "<group>";
		};
		4DDFD79217B2AE66005EF128 /* InfoPlist.strings */ = {
			isa = PBXVariantGroup;
			children = (
				4DDFD79317B2AE66005EF128 /* en */,
			);
			name = InfoPlist.strings;
			sourceTree = "<group>";
		};
/* End PBXVariantGroup section */

/* Begin XCBuildConfiguration section */
		4DDFD79717B2AE66005EF128 /* Debug */ = {
			isa = XCBuildConfiguration;
			buildSettings = {
				ALWAYS_SEARCH_USER_PATHS = NO;
				CLANG_CXX_LANGUAGE_STANDARD = "gnu++0x";
				CLANG_CXX_LIBRARY = "libc++";
				CLANG_ENABLE_MODULES = YES;
				CLANG_ENABLE_OBJC_ARC = YES;
				CLANG_WARN_BOOL_CONVERSION = YES;
				CLANG_WARN_CONSTANT_CONVERSION = YES;
				CLANG_WARN_DIRECT_OBJC_ISA_USAGE = YES_ERROR;
				CLANG_WARN_EMPTY_BODY = YES;
				CLANG_WARN_ENUM_CONVERSION = YES;
				CLANG_WARN_INT_CONVERSION = YES;
				CLANG_WARN_OBJC_ROOT_CLASS = YES_ERROR;
				CLANG_WARN__DUPLICATE_METHOD_MATCH = YES;
				"CODE_SIGN_IDENTITY[sdk=iphoneos*]" = "iPhone Developer";
				COPY_PHASE_STRIP = NO;
				GCC_C_LANGUAGE_STANDARD = gnu99;
				GCC_DYNAMIC_NO_PIC = NO;
				GCC_OPTIMIZATION_LEVEL = 0;
				GCC_PREPROCESSOR_DEFINITIONS = (
					"DEBUG=1",
					"$(inherited)",
				);
				GCC_SYMBOLS_PRIVATE_EXTERN = NO;
				GCC_WARN_ABOUT_RETURN_TYPE = YES_ERROR;
				GCC_WARN_UNDECLARED_SELECTOR = YES;
				GCC_WARN_UNINITIALIZED_AUTOS = YES;
				GCC_WARN_UNUSED_FUNCTION = YES;
				GCC_WARN_UNUSED_VARIABLE = YES;
				IPHONEOS_DEPLOYMENT_TARGET = 7.0;
				ONLY_ACTIVE_ARCH = YES;
				SDKROOT = iphoneos;
			};
			name = Debug;
		};
		4DDFD79817B2AE66005EF128 /* Release */ = {
			isa = XCBuildConfiguration;
			buildSettings = {
				ALWAYS_SEARCH_USER_PATHS = NO;
				CLANG_CXX_LANGUAGE_STANDARD = "gnu++0x";
				CLANG_CXX_LIBRARY = "libc++";
				CLANG_ENABLE_MODULES = YES;
				CLANG_ENABLE_OBJC_ARC = YES;
				CLANG_WARN_BOOL_CONVERSION = YES;
				CLANG_WARN_CONSTANT_CONVERSION = YES;
				CLANG_WARN_DIRECT_OBJC_ISA_USAGE = YES_ERROR;
				CLANG_WARN_EMPTY_BODY = YES;
				CLANG_WARN_ENUM_CONVERSION = YES;
				CLANG_WARN_INT_CONVERSION = YES;
				CLANG_WARN_OBJC_ROOT_CLASS = YES_ERROR;
				CLANG_WARN__DUPLICATE_METHOD_MATCH = YES;
				"CODE_SIGN_IDENTITY[sdk=iphoneos*]" = "iPhone Developer";
				COPY_PHASE_STRIP = YES;
				ENABLE_NS_ASSERTIONS = NO;
				GCC_C_LANGUAGE_STANDARD = gnu99;
				GCC_WARN_ABOUT_RETURN_TYPE = YES_ERROR;
				GCC_WARN_UNDECLARED_SELECTOR = YES;
				GCC_WARN_UNINITIALIZED_AUTOS = YES;
				GCC_WARN_UNUSED_FUNCTION = YES;
				GCC_WARN_UNUSED_VARIABLE = YES;
				IPHONEOS_DEPLOYMENT_TARGET = 7.0;
				SDKROOT = iphoneos;
				VALIDATE_PRODUCT = YES;
			};
			name = Release;
		};
		4DDFD79A17B2AE66005EF128 /* Debug */ = {
			isa = XCBuildConfiguration;
			buildSettings = {
				ASSETCATALOG_COMPILER_APPICON_NAME = AppIcon;
				ASSETCATALOG_COMPILER_LAUNCHIMAGE_NAME = LaunchImage;
				FRAMEWORK_SEARCH_PATHS = (
					"$(inherited)",
					"$(DEVELOPER_FRAMEWORKS_DIR)",
				);
				GCC_PRECOMPILE_PREFIX_HEADER = YES;
				GCC_PREFIX_HEADER = "SpectaAsyncTest/SpectaAsyncTest-Prefix.pch";
				HEADER_SEARCH_PATHS = "$(SRCRoot)/Frameworks/OCMock/include";
				INFOPLIST_FILE = "SpectaAsyncTest/SpectaAsyncTest-Info.plist";
				LIBRARY_SEARCH_PATHS = "";
				OTHER_LDFLAGS = (
					"-ObjC",
					"-all_load",
				);
				PRODUCT_NAME = "$(TARGET_NAME)";
				WRAPPER_EXTENSION = app;
			};
			name = Debug;
		};
		4DDFD79B17B2AE66005EF128 /* Release */ = {
			isa = XCBuildConfiguration;
			buildSettings = {
				ASSETCATALOG_COMPILER_APPICON_NAME = AppIcon;
				ASSETCATALOG_COMPILER_LAUNCHIMAGE_NAME = LaunchImage;
				FRAMEWORK_SEARCH_PATHS = (
					"$(inherited)",
					"$(DEVELOPER_FRAMEWORKS_DIR)",
				);
				GCC_PRECOMPILE_PREFIX_HEADER = YES;
				GCC_PREFIX_HEADER = "SpectaAsyncTest/SpectaAsyncTest-Prefix.pch";
				HEADER_SEARCH_PATHS = "$(SRCRoot)/Frameworks/OCMock/include";
				INFOPLIST_FILE = "SpectaAsyncTest/SpectaAsyncTest-Info.plist";
				LIBRARY_SEARCH_PATHS = "";
				OTHER_LDFLAGS = (
					"-ObjC",
					"-all_load",
				);
				PRODUCT_NAME = "$(TARGET_NAME)";
				WRAPPER_EXTENSION = app;
			};
			name = Release;
		};
		4DDFD79D17B2AE66005EF128 /* Debug */ = {
			isa = XCBuildConfiguration;
			buildSettings = {
				BUNDLE_LOADER = "$(BUILT_PRODUCTS_DIR)/SpectaAsyncTest.app/SpectaAsyncTest";
				FRAMEWORK_SEARCH_PATHS = (
					"$(SDKROOT)/Developer/Library/Frameworks",
					"$(inherited)",
					"$(DEVELOPER_FRAMEWORKS_DIR)",
				);
				GCC_PRECOMPILE_PREFIX_HEADER = YES;
				GCC_PREFIX_HEADER = "SpectaAsyncTest/SpectaAsyncTest-Prefix.pch";
				GCC_PREPROCESSOR_DEFINITIONS = (
					"DEBUG=1",
					"$(inherited)",
				);
				HEADER_SEARCH_PATHS = "$(SRCROOT)/SpectaAsyncTestTests/Specta/include";
				INFOPLIST_FILE = "SpectaAsyncTestTests/SpectaAsyncTestTests-Info.plist";
				LIBRARY_SEARCH_PATHS = (
					"$(inherited)",
					/Users/jihoon/workspace/SpectaAsyncTest/SpectaAsyncTestTests/OCMock/lib,
					/Users/jihoon/workspace/SpectaAsyncTest/SpectaAsyncTestTests/Specta/lib,
					/Users/jihoon/workspace/SpectaAsyncTest/SpectaAsyncTestTests/Expecta/lib,
				);
				OTHER_LDFLAGS = (
					"-framework",
					SenTestingKit,
					"-ObjC",
					"-all_load",
				);
				PRODUCT_NAME = "$(TARGET_NAME)";
				TEST_HOST = "$(BUNDLE_LOADER)";
				WRAPPER_EXTENSION = octest;
			};
			name = Debug;
		};
		4DDFD79E17B2AE66005EF128 /* Release */ = {
			isa = XCBuildConfiguration;
			buildSettings = {
				BUNDLE_LOADER = "$(BUILT_PRODUCTS_DIR)/SpectaAsyncTest.app/SpectaAsyncTest";
				FRAMEWORK_SEARCH_PATHS = (
					"$(SDKROOT)/Developer/Library/Frameworks",
					"$(inherited)",
					"$(DEVELOPER_FRAMEWORKS_DIR)",
				);
				GCC_PRECOMPILE_PREFIX_HEADER = YES;
				GCC_PREFIX_HEADER = "SpectaAsyncTest/SpectaAsyncTest-Prefix.pch";
				HEADER_SEARCH_PATHS = "$(SRCROOT)/SpectaAsyncTestTests/Specta/include";
				INFOPLIST_FILE = "SpectaAsyncTestTests/SpectaAsyncTestTests-Info.plist";
				LIBRARY_SEARCH_PATHS = (
					"$(inherited)",
					/Users/jihoon/workspace/SpectaAsyncTest/SpectaAsyncTestTests/OCMock/lib,
					/Users/jihoon/workspace/SpectaAsyncTest/SpectaAsyncTestTests/Specta/lib,
					/Users/jihoon/workspace/SpectaAsyncTest/SpectaAsyncTestTests/Expecta/lib,
				);
				OTHER_LDFLAGS = (
					"-framework",
					SenTestingKit,
					"-ObjC",
					"-all_load",
				);
				PRODUCT_NAME = "$(TARGET_NAME)";
				TEST_HOST = "$(BUNDLE_LOADER)";
				WRAPPER_EXTENSION = octest;
			};
			name = Release;
		};
/* End XCBuildConfiguration section */

/* Begin XCConfigurationList section */
		4DDFD76817B2AE66005EF128 /* Build configuration list for PBXProject "SpectaAsyncTest" */ = {
			isa = XCConfigurationList;
			buildConfigurations = (
				4DDFD79717B2AE66005EF128 /* Debug */,
				4DDFD79817B2AE66005EF128 /* Release */,
			);
			defaultConfigurationIsVisible = 0;
			defaultConfigurationName = Release;
		};
		4DDFD79917B2AE66005EF128 /* Build configuration list for PBXNativeTarget "SpectaAsyncTest" */ = {
			isa = XCConfigurationList;
			buildConfigurations = (
				4DDFD79A17B2AE66005EF128 /* Debug */,
				4DDFD79B17B2AE66005EF128 /* Release */,
			);
			defaultConfigurationIsVisible = 0;
			defaultConfigurationName = Release;
		};
		4DDFD79C17B2AE66005EF128 /* Build configuration list for PBXNativeTarget "SpectaAsyncTestTests" */ = {
			isa = XCConfigurationList;
			buildConfigurations = (
				4DDFD79D17B2AE66005EF128 /* Debug */,
				4DDFD79E17B2AE66005EF128 /* Release */,
			);
			defaultConfigurationIsVisible = 0;
			defaultConfigurationName = Release;
		};
/* End XCConfigurationList section */
	};
	rootObject = 4DDFD76517B2AE66005EF128 /* Project object */;
}
